// !$*UTF8*$!
{
	archiveVersion = 1;
	classes = {
	};
	objectVersion = 55;
	objects = {

/* Begin PBXBuildFile section */
		CC304850286365EF004DF315 /* InfoCity.swift in Sources */ = {isa = PBXBuildFile; fileRef = CC30484F286365EF004DF315 /* InfoCity.swift */; };
		CC30485328638340004DF315 /* Alamofire in Frameworks */ = {isa = PBXBuildFile; productRef = CC30485228638340004DF315 /* Alamofire */; };
		CC54D5A9285F3844005A4942 /* AppDelegate.swift in Sources */ = {isa = PBXBuildFile; fileRef = CC54D5A8285F3844005A4942 /* AppDelegate.swift */; };
		CC54D5AB285F3844005A4942 /* SceneDelegate.swift in Sources */ = {isa = PBXBuildFile; fileRef = CC54D5AA285F3844005A4942 /* SceneDelegate.swift */; };
		CC54D5AD285F3844005A4942 /* WeatherViewController.swift in Sources */ = {isa = PBXBuildFile; fileRef = CC54D5AC285F3844005A4942 /* WeatherViewController.swift */; };
		CC54D5B0285F3844005A4942 /* Main.storyboard in Resources */ = {isa = PBXBuildFile; fileRef = CC54D5AE285F3844005A4942 /* Main.storyboard */; };
		CC54D5B2285F3846005A4942 /* Assets.xcassets in Resources */ = {isa = PBXBuildFile; fileRef = CC54D5B1285F3846005A4942 /* Assets.xcassets */; };
		CC54D5B5285F3846005A4942 /* LaunchScreen.storyboard in Resources */ = {isa = PBXBuildFile; fileRef = CC54D5B3285F3846005A4942 /* LaunchScreen.storyboard */; };
		CC54D5BD285F4B26005A4942 /* WeatherData.swift in Sources */ = {isa = PBXBuildFile; fileRef = CC54D5BC285F4B26005A4942 /* WeatherData.swift */; };
		CC8A47522867250200C427B3 /* HourlyWeatherData.swift in Sources */ = {isa = PBXBuildFile; fileRef = CC8A47512867250200C427B3 /* HourlyWeatherData.swift */; };
		CC8A47542867252100C427B3 /* DailyWeatherData.swift in Sources */ = {isa = PBXBuildFile; fileRef = CC8A47532867252100C427B3 /* DailyWeatherData.swift */; };
		CC8A47562867286400C427B3 /* Constants.swift in Sources */ = {isa = PBXBuildFile; fileRef = CC8A47552867286400C427B3 /* Constants.swift */; };
		CC8A475828672B1000C427B3 /* AlamofireProvaider.swift in Sources */ = {isa = PBXBuildFile; fileRef = CC8A475728672B1000C427B3 /* AlamofireProvaider.swift */; };
		CC8A475A2867557000C427B3 /* RestAPIProviderProtocol.swift in Sources */ = {isa = PBXBuildFile; fileRef = CC8A47592867557000C427B3 /* RestAPIProviderProtocol.swift */; };
/* End PBXBuildFile section */

/* Begin PBXFileReference section */
		CC30484F286365EF004DF315 /* InfoCity.swift */ = {isa = PBXFileReference; lastKnownFileType = sourcecode.swift; path = InfoCity.swift; sourceTree = "<group>"; };
		CC54D5A5285F3844005A4942 /* home_work_23.app */ = {isa = PBXFileReference; explicitFileType = wrapper.application; includeInIndex = 0; path = home_work_23.app; sourceTree = BUILT_PRODUCTS_DIR; };
		CC54D5A8285F3844005A4942 /* AppDelegate.swift */ = {isa = PBXFileReference; lastKnownFileType = sourcecode.swift; path = AppDelegate.swift; sourceTree = "<group>"; };
		CC54D5AA285F3844005A4942 /* SceneDelegate.swift */ = {isa = PBXFileReference; lastKnownFileType = sourcecode.swift; path = SceneDelegate.swift; sourceTree = "<group>"; };
		CC54D5AC285F3844005A4942 /* WeatherViewController.swift */ = {isa = PBXFileReference; lastKnownFileType = sourcecode.swift; path = WeatherViewController.swift; sourceTree = "<group>"; };
		CC54D5AF285F3844005A4942 /* Base */ = {isa = PBXFileReference; lastKnownFileType = file.storyboard; name = Base; path = Base.lproj/Main.storyboard; sourceTree = "<group>"; };
		CC54D5B1285F3846005A4942 /* Assets.xcassets */ = {isa = PBXFileReference; lastKnownFileType = folder.assetcatalog; path = Assets.xcassets; sourceTree = "<group>"; };
		CC54D5B4285F3846005A4942 /* Base */ = {isa = PBXFileReference; lastKnownFileType = file.storyboard; name = Base; path = Base.lproj/LaunchScreen.storyboard; sourceTree = "<group>"; };
		CC54D5B6285F3846005A4942 /* Info.plist */ = {isa = PBXFileReference; lastKnownFileType = text.plist.xml; path = Info.plist; sourceTree = "<group>"; };
		CC54D5BC285F4B26005A4942 /* WeatherData.swift */ = {isa = PBXFileReference; lastKnownFileType = sourcecode.swift; path = WeatherData.swift; sourceTree = "<group>"; };
		CC8A47512867250200C427B3 /* HourlyWeatherData.swift */ = {isa = PBXFileReference; lastKnownFileType = sourcecode.swift; path = HourlyWeatherData.swift; sourceTree = "<group>"; };
		CC8A47532867252100C427B3 /* DailyWeatherData.swift */ = {isa = PBXFileReference; lastKnownFileType = sourcecode.swift; path = DailyWeatherData.swift; sourceTree = "<group>"; };
		CC8A47552867286400C427B3 /* Constants.swift */ = {isa = PBXFileReference; lastKnownFileType = sourcecode.swift; path = Constants.swift; sourceTree = "<group>"; };
		CC8A475728672B1000C427B3 /* AlamofireProvaider.swift */ = {isa = PBXFileReference; lastKnownFileType = sourcecode.swift; path = AlamofireProvaider.swift; sourceTree = "<group>"; };
		CC8A47592867557000C427B3 /* RestAPIProviderProtocol.swift */ = {isa = PBXFileReference; lastKnownFileType = sourcecode.swift; path = RestAPIProviderProtocol.swift; sourceTree = "<group>"; };
/* End PBXFileReference section */

/* Begin PBXFrameworksBuildPhase section */
		CC54D5A2285F3844005A4942 /* Frameworks */ = {
			isa = PBXFrameworksBuildPhase;
			buildActionMask = 2147483647;
			files = (
				CC30485328638340004DF315 /* Alamofire in Frameworks */,
			);
			runOnlyForDeploymentPostprocessing = 0;
		};
/* End PBXFrameworksBuildPhase section */

/* Begin PBXGroup section */
		CC3048542863B212004DF315 /* Models */ = {
			isa = PBXGroup;
			children = (
				CC30484F286365EF004DF315 /* InfoCity.swift */,
				CC54D5BC285F4B26005A4942 /* WeatherData.swift */,
				CC8A47512867250200C427B3 /* HourlyWeatherData.swift */,
				CC8A47532867252100C427B3 /* DailyWeatherData.swift */,
			);
			path = Models;
			sourceTree = "<group>";
		};
		CC54D59C285F3844005A4942 = {
			isa = PBXGroup;
			children = (
				CC54D5A7285F3844005A4942 /* home_work_23 */,
				CC54D5A6285F3844005A4942 /* Products */,
			);
			sourceTree = "<group>";
		};
		CC54D5A6285F3844005A4942 /* Products */ = {
			isa = PBXGroup;
			children = (
				CC54D5A5285F3844005A4942 /* home_work_23.app */,
			);
			name = Products;
			sourceTree = "<group>";
		};
		CC54D5A7285F3844005A4942 /* home_work_23 */ = {
			isa = PBXGroup;
			children = (
				CC54D5A8285F3844005A4942 /* AppDelegate.swift */,
				CC54D5AA285F3844005A4942 /* SceneDelegate.swift */,
				CC8A475B286756EE00C427B3 /* ViewControllers */,
				CC8A475D2867572200C427B3 /* Services */,
				CC8A475C286756FF00C427B3 /* Protocols */,
				CC8A47552867286400C427B3 /* Constants.swift */,
				CC3048542863B212004DF315 /* Models */,
				CC54D5AE285F3844005A4942 /* Main.storyboard */,
				CC54D5B1285F3846005A4942 /* Assets.xcassets */,
				CC54D5B3285F3846005A4942 /* LaunchScreen.storyboard */,
				CC54D5B6285F3846005A4942 /* Info.plist */,
			);
			path = home_work_23;
			sourceTree = "<group>";
		};
		CC8A475B286756EE00C427B3 /* ViewControllers */ = {
			isa = PBXGroup;
			children = (
				CC54D5AC285F3844005A4942 /* WeatherViewController.swift */,
			);
			path = ViewControllers;
			sourceTree = "<group>";
		};
		CC8A475C286756FF00C427B3 /* Protocols */ = {
			isa = PBXGroup;
			children = (
				CC8A47592867557000C427B3 /* RestAPIProviderProtocol.swift */,
			);
			path = Protocols;
			sourceTree = "<group>";
		};
		CC8A475D2867572200C427B3 /* Services */ = {
			isa = PBXGroup;
			children = (
				CC8A475728672B1000C427B3 /* AlamofireProvaider.swift */,
			);
			path = Services;
			sourceTree = "<group>";
		};
/* End PBXGroup section */

/* Begin PBXNativeTarget section */
		CC54D5A4285F3844005A4942 /* home_work_23 */ = {
			isa = PBXNativeTarget;
			buildConfigurationList = CC54D5B9285F3846005A4942 /* Build configuration list for PBXNativeTarget "home_work_23" */;
			buildPhases = (
				CC54D5A1285F3844005A4942 /* Sources */,
				CC54D5A2285F3844005A4942 /* Frameworks */,
				CC54D5A3285F3844005A4942 /* Resources */,
			);
			buildRules = (
			);
			dependencies = (
			);
			name = home_work_23;
			packageProductDependencies = (
				CC30485228638340004DF315 /* Alamofire */,
			);
			productName = home_work_23;
			productReference = CC54D5A5285F3844005A4942 /* home_work_23.app */;
			productType = "com.apple.product-type.application";
		};
/* End PBXNativeTarget section */

/* Begin PBXProject section */
		CC54D59D285F3844005A4942 /* Project object */ = {
			isa = PBXProject;
			attributes = {
				BuildIndependentTargetsInParallel = 1;
				LastSwiftUpdateCheck = 1340;
				LastUpgradeCheck = 1340;
				TargetAttributes = {
					CC54D5A4285F3844005A4942 = {
						CreatedOnToolsVersion = 13.4.1;
					};
				};
			};
			buildConfigurationList = CC54D5A0285F3844005A4942 /* Build configuration list for PBXProject "home_work_23" */;
			compatibilityVersion = "Xcode 13.0";
			developmentRegion = en;
			hasScannedForEncodings = 0;
			knownRegions = (
				en,
				Base,
			);
			mainGroup = CC54D59C285F3844005A4942;
			packageReferences = (
				CC30485128638340004DF315 /* XCRemoteSwiftPackageReference "Alamofire" */,
			);
			productRefGroup = CC54D5A6285F3844005A4942 /* Products */;
			projectDirPath = "";
			projectRoot = "";
			targets = (
				CC54D5A4285F3844005A4942 /* home_work_23 */,
			);
		};
/* End PBXProject section */

/* Begin PBXResourcesBuildPhase section */
		CC54D5A3285F3844005A4942 /* Resources */ = {
			isa = PBXResourcesBuildPhase;
			buildActionMask = 2147483647;
			files = (
				CC54D5B5285F3846005A4942 /* LaunchScreen.storyboard in Resources */,
				CC54D5B2285F3846005A4942 /* Assets.xcassets in Resources */,
				CC54D5B0285F3844005A4942 /* Main.storyboard in Resources */,
			);
			runOnlyForDeploymentPostprocessing = 0;
		};
/* End PBXResourcesBuildPhase section */

/* Begin PBXSourcesBuildPhase section */
		CC54D5A1285F3844005A4942 /* Sources */ = {
			isa = PBXSourcesBuildPhase;
			buildActionMask = 2147483647;
			files = (
				CC54D5BD285F4B26005A4942 /* WeatherData.swift in Sources */,
				CC54D5AD285F3844005A4942 /* WeatherViewController.swift in Sources */,
				CC54D5A9285F3844005A4942 /* AppDelegate.swift in Sources */,
				CC8A475A2867557000C427B3 /* RestAPIProviderProtocol.swift in Sources */,
				CC54D5AB285F3844005A4942 /* SceneDelegate.swift in Sources */,
				CC304850286365EF004DF315 /* InfoCity.swift in Sources */,
				CC8A475828672B1000C427B3 /* AlamofireProvaider.swift in Sources */,
				CC8A47542867252100C427B3 /* DailyWeatherData.swift in Sources */,
				CC8A47522867250200C427B3 /* HourlyWeatherData.swift in Sources */,
				CC8A47562867286400C427B3 /* Constants.swift in Sources */,
			);
			runOnlyForDeploymentPostprocessing = 0;
		};
/* End PBXSourcesBuildPhase section */

/* Begin PBXVariantGroup section */
		CC54D5AE285F3844005A4942 /* Main.storyboard */ = {
			isa = PBXVariantGroup;
			children = (
				CC54D5AF285F3844005A4942 /* Base */,
			);
			name = Main.storyboard;
			sourceTree = "<group>";
		};
		CC54D5B3285F3846005A4942 /* LaunchScreen.storyboard */ = {
			isa = PBXVariantGroup;
			children = (
				CC54D5B4285F3846005A4942 /* Base */,
			);
			name = LaunchScreen.storyboard;
			sourceTree = "<group>";
		};
/* End PBXVariantGroup section */

/* Begin XCBuildConfiguration section */
		CC54D5B7285F3846005A4942 /* Debug */ = {
			isa = XCBuildConfiguration;
			buildSettings = {
				ALWAYS_SEARCH_USER_PATHS = NO;
				CLANG_ANALYZER_NONNULL = YES;
				CLANG_ANALYZER_NUMBER_OBJECT_CONVERSION = YES_AGGRESSIVE;
				CLANG_CXX_LANGUAGE_STANDARD = "gnu++17";
				CLANG_ENABLE_MODULES = YES;
				CLANG_ENABLE_OBJC_ARC = YES;
				CLANG_ENABLE_OBJC_WEAK = YES;
				CLANG_WARN_BLOCK_CAPTURE_AUTORELEASING = YES;
				CLANG_WARN_BOOL_CONVERSION = YES;
				CLANG_WARN_COMMA = YES;
				CLANG_WARN_CONSTANT_CONVERSION = YES;
				CLANG_WARN_DEPRECATED_OBJC_IMPLEMENTATIONS = YES;
				CLANG_WARN_DIRECT_OBJC_ISA_USAGE = YES_ERROR;
				CLANG_WARN_DOCUMENTATION_COMMENTS = YES;
				CLANG_WARN_EMPTY_BODY = YES;
				CLANG_WARN_ENUM_CONVERSION = YES;
				CLANG_WARN_INFINITE_RECURSION = YES;
				CLANG_WARN_INT_CONVERSION = YES;
				CLANG_WARN_NON_LITERAL_NULL_CONVERSION = YES;
				CLANG_WARN_OBJC_IMPLICIT_RETAIN_SELF = YES;
				CLANG_WARN_OBJC_LITERAL_CONVERSION = YES;
				CLANG_WARN_OBJC_ROOT_CLASS = YES_ERROR;
				CLANG_WARN_QUOTED_INCLUDE_IN_FRAMEWORK_HEADER = YES;
				CLANG_WARN_RANGE_LOOP_ANALYSIS = YES;
				CLANG_WARN_STRICT_PROTOTYPES = YES;
				CLANG_WARN_SUSPICIOUS_MOVE = YES;
				CLANG_WARN_UNGUARDED_AVAILABILITY = YES_AGGRESSIVE;
				CLANG_WARN_UNREACHABLE_CODE = YES;
				CLANG_WARN__DUPLICATE_METHOD_MATCH = YES;
				COPY_PHASE_STRIP = NO;
				DEBUG_INFORMATION_FORMAT = dwarf;
				ENABLE_STRICT_OBJC_MSGSEND = YES;
				ENABLE_TESTABILITY = YES;
				GCC_C_LANGUAGE_STANDARD = gnu11;
				GCC_DYNAMIC_NO_PIC = NO;
				GCC_NO_COMMON_BLOCKS = YES;
				GCC_OPTIMIZATION_LEVEL = 0;
				GCC_PREPROCESSOR_DEFINITIONS = (
					"DEBUG=1",
					"$(inherited)",
				);
				GCC_WARN_64_TO_32_BIT_CONVERSION = YES;
				GCC_WARN_ABOUT_RETURN_TYPE = YES_ERROR;
				GCC_WARN_UNDECLARED_SELECTOR = YES;
				GCC_WARN_UNINITIALIZED_AUTOS = YES_AGGRESSIVE;
				GCC_WARN_UNUSED_FUNCTION = YES;
				GCC_WARN_UNUSED_VARIABLE = YES;
				IPHONEOS_DEPLOYMENT_TARGET = 15.5;
				MTL_ENABLE_DEBUG_INFO = INCLUDE_SOURCE;
				MTL_FAST_MATH = YES;
				ONLY_ACTIVE_ARCH = YES;
				SDKROOT = iphoneos;
				SWIFT_ACTIVE_COMPILATION_CONDITIONS = DEBUG;
				SWIFT_OPTIMIZATION_LEVEL = "-Onone";
			};
			name = Debug;
		};
		CC54D5B8285F3846005A4942 /* Release */ = {
			isa = XCBuildConfiguration;
			buildSettings = {
				ALWAYS_SEARCH_USER_PATHS = NO;
				CLANG_ANALYZER_NONNULL = YES;
				CLANG_ANALYZER_NUMBER_OBJECT_CONVERSION = YES_AGGRESSIVE;
				CLANG_CXX_LANGUAGE_STANDARD = "gnu++17";
				CLANG_ENABLE_MODULES = YES;
				CLANG_ENABLE_OBJC_ARC = YES;
				CLANG_ENABLE_OBJC_WEAK = YES;
				CLANG_WARN_BLOCK_CAPTURE_AUTORELEASING = YES;
				CLANG_WARN_BOOL_CONVERSION = YES;
				CLANG_WARN_COMMA = YES;
				CLANG_WARN_CONSTANT_CONVERSION = YES;
				CLANG_WARN_DEPRECATED_OBJC_IMPLEMENTATIONS = YES;
				CLANG_WARN_DIRECT_OBJC_ISA_USAGE = YES_ERROR;
				CLANG_WARN_DOCUMENTATION_COMMENTS = YES;
				CLANG_WARN_EMPTY_BODY = YES;
				CLANG_WARN_ENUM_CONVERSION = YES;
				CLANG_WARN_INFINITE_RECURSION = YES;
				CLANG_WARN_INT_CONVERSION = YES;
				CLANG_WARN_NON_LITERAL_NULL_CONVERSION = YES;
				CLANG_WARN_OBJC_IMPLICIT_RETAIN_SELF = YES;
				CLANG_WARN_OBJC_LITERAL_CONVERSION = YES;
				CLANG_WARN_OBJC_ROOT_CLASS = YES_ERROR;
				CLANG_WARN_QUOTED_INCLUDE_IN_FRAMEWORK_HEADER = YES;
				CLANG_WARN_RANGE_LOOP_ANALYSIS = YES;
				CLANG_WARN_STRICT_PROTOTYPES = YES;
				CLANG_WARN_SUSPICIOUS_MOVE = YES;
				CLANG_WARN_UNGUARDED_AVAILABILITY = YES_AGGRESSIVE;
				CLANG_WARN_UNREACHABLE_CODE = YES;
				CLANG_WARN__DUPLICATE_METHOD_MATCH = YES;
				COPY_PHASE_STRIP = NO;
				DEBUG_INFORMATION_FORMAT = "dwarf-with-dsym";
				ENABLE_NS_ASSERTIONS = NO;
				ENABLE_STRICT_OBJC_MSGSEND = YES;
				GCC_C_LANGUAGE_STANDARD = gnu11;
				GCC_NO_COMMON_BLOCKS = YES;
				GCC_WARN_64_TO_32_BIT_CONVERSION = YES;
				GCC_WARN_ABOUT_RETURN_TYPE = YES_ERROR;
				GCC_WARN_UNDECLARED_SELECTOR = YES;
				GCC_WARN_UNINITIALIZED_AUTOS = YES_AGGRESSIVE;
				GCC_WARN_UNUSED_FUNCTION = YES;
				GCC_WARN_UNUSED_VARIABLE = YES;
				IPHONEOS_DEPLOYMENT_TARGET = 15.5;
				MTL_ENABLE_DEBUG_INFO = NO;
				MTL_FAST_MATH = YES;
				SDKROOT = iphoneos;
				SWIFT_COMPILATION_MODE = wholemodule;
				SWIFT_OPTIMIZATION_LEVEL = "-O";
				VALIDATE_PRODUCT = YES;
			};
			name = Release;
		};
		CC54D5BA285F3846005A4942 /* Debug */ = {
			isa = XCBuildConfiguration;
			buildSettings = {
				ASSETCATALOG_COMPILER_APPICON_NAME = AppIcon;
				ASSETCATALOG_COMPILER_GLOBAL_ACCENT_COLOR_NAME = AccentColor;
				CODE_SIGN_STYLE = Automatic;
				CURRENT_PROJECT_VERSION = 1;
				GENERATE_INFOPLIST_FILE = YES;
				INFOPLIST_FILE = home_work_23/Info.plist;
				INFOPLIST_KEY_UIApplicationSupportsIndirectInputEvents = YES;
				INFOPLIST_KEY_UILaunchStoryboardName = LaunchScreen;
				INFOPLIST_KEY_UIMainStoryboardFile = Main;
				INFOPLIST_KEY_UISupportedInterfaceOrientations_iPad = "UIInterfaceOrientationPortrait UIInterfaceOrientationPortraitUpsideDown UIInterfaceOrientationLandscapeLeft UIInterfaceOrientationLandscapeRight";
				INFOPLIST_KEY_UISupportedInterfaceOrientations_iPhone = "UIInterfaceOrientationPortrait UIInterfaceOrientationLandscapeLeft UIInterfaceOrientationLandscapeRight";
				LD_RUNPATH_SEARCH_PATHS = (
					"$(inherited)",
					"@executable_path/Frameworks",
				);
				MARKETING_VERSION = 1.0;
				PRODUCT_BUNDLE_IDENTIFIER = "com.TMSi32.home-work-23";
				PRODUCT_NAME = "$(TARGET_NAME)";
				SWIFT_EMIT_LOC_STRINGS = YES;
				SWIFT_VERSION = 5.0;
				TARGETED_DEVICE_FAMILY = "1,2";
			};
			name = Debug;
		};
		CC54D5BB285F3846005A4942 /* Release */ = {
			isa = XCBuildConfiguration;
			buildSettings = {
				ASSETCATALOG_COMPILER_APPICON_NAME = AppIcon;
				ASSETCATALOG_COMPILER_GLOBAL_ACCENT_COLOR_NAME = AccentColor;
				CODE_SIGN_STYLE = Automatic;
				CURRENT_PROJECT_VERSION = 1;
				GENERATE_INFOPLIST_FILE = YES;
				INFOPLIST_FILE = home_work_23/Info.plist;
				INFOPLIST_KEY_UIApplicationSupportsIndirectInputEvents = YES;
				INFOPLIST_KEY_UILaunchStoryboardName = LaunchScreen;
				INFOPLIST_KEY_UIMainStoryboardFile = Main;
				INFOPLIST_KEY_UISupportedInterfaceOrientations_iPad = "UIInterfaceOrientationPortrait UIInterfaceOrientationPortraitUpsideDown UIInterfaceOrientationLandscapeLeft UIInterfaceOrientationLandscapeRight";
				INFOPLIST_KEY_UISupportedInterfaceOrientations_iPhone = "UIInterfaceOrientationPortrait UIInterfaceOrientationLandscapeLeft UIInterfaceOrientationLandscapeRight";
				LD_RUNPATH_SEARCH_PATHS = (
					"$(inherited)",
					"@executable_path/Frameworks",
				);
				MARKETING_VERSION = 1.0;
				PRODUCT_BUNDLE_IDENTIFIER = "com.TMSi32.home-work-23";
				PRODUCT_NAME = "$(TARGET_NAME)";
				SWIFT_EMIT_LOC_STRINGS = YES;
				SWIFT_VERSION = 5.0;
				TARGETED_DEVICE_FAMILY = "1,2";
			};
			name = Release;
		};
/* End XCBuildConfiguration section */

/* Begin XCConfigurationList section */
		CC54D5A0285F3844005A4942 /* Build configuration list for PBXProject "home_work_23" */ = {
			isa = XCConfigurationList;
			buildConfigurations = (
				CC54D5B7285F3846005A4942 /* Debug */,
				CC54D5B8285F3846005A4942 /* Release */,
			);
			defaultConfigurationIsVisible = 0;
			defaultConfigurationName = Release;
		};
		CC54D5B9285F3846005A4942 /* Build configuration list for PBXNativeTarget "home_work_23" */ = {
			isa = XCConfigurationList;
			buildConfigurations = (
				CC54D5BA285F3846005A4942 /* Debug */,
				CC54D5BB285F3846005A4942 /* Release */,
			);
			defaultConfigurationIsVisible = 0;
			defaultConfigurationName = Release;
		};
/* End XCConfigurationList section */

/* Begin XCRemoteSwiftPackageReference section */
		CC30485128638340004DF315 /* XCRemoteSwiftPackageReference "Alamofire" */ = {
			isa = XCRemoteSwiftPackageReference;
			repositoryURL = "https://github.com/Alamofire/Alamofire.git";
			requirement = {
				kind = upToNextMajorVersion;
				minimumVersion = 5.0.0;
			};
		};
/* End XCRemoteSwiftPackageReference section */

/* Begin XCSwiftPackageProductDependency section */
		CC30485228638340004DF315 /* Alamofire */ = {
			isa = XCSwiftPackageProductDependency;
			package = CC30485128638340004DF315 /* XCRemoteSwiftPackageReference "Alamofire" */;
			productName = Alamofire;
		};
/* End XCSwiftPackageProductDependency section */
	};
	rootObject = CC54D59D285F3844005A4942 /* Project object */;
}
