// !$*UTF8*$!
{
	archiveVersion = 1;
	classes = {
	};
	objectVersion = 55;
	objects = {

/* Begin PBXBuildFile section */
		A80A51B2D6AE4A05D3E092F1 /* Pods_home_work_23.framework in Frameworks */ = {isa = PBXBuildFile; fileRef = 5F0F180ACDD77A75F4B010EF /* Pods_home_work_23.framework */; };
		CC0F05CC2868815200A33DE0 /* WeatherViewController+Extension.swift in Sources */ = {isa = PBXBuildFile; fileRef = CC0F05CB2868815200A33DE0 /* WeatherViewController+Extension.swift */; };
		CC261D162884BFB50025510F /* WeatherConditionalViewController+extension.swift in Sources */ = {isa = PBXBuildFile; fileRef = CC261D152884BFB50025510F /* WeatherConditionalViewController+extension.swift */; };
		CC261D182884C0190025510F /* SettingsViewController+extension.swift in Sources */ = {isa = PBXBuildFile; fileRef = CC261D172884C0190025510F /* SettingsViewController+extension.swift */; };
		CC27E364287DF8A900720830 /* ModeType.swift in Sources */ = {isa = PBXBuildFile; fileRef = CC27E363287DF8A900720830 /* ModeType.swift */; };
		CC27E366287DF93200720830 /* ContentType.swift in Sources */ = {isa = PBXBuildFile; fileRef = CC27E365287DF93200720830 /* ContentType.swift */; };
		CC304850286365EF004DF315 /* InfoCity.swift in Sources */ = {isa = PBXBuildFile; fileRef = CC30484F286365EF004DF315 /* InfoCity.swift */; };
		CC30485328638340004DF315 /* Alamofire in Frameworks */ = {isa = PBXBuildFile; productRef = CC30485228638340004DF315 /* Alamofire */; };
		CC3064F0286CD24C00F66636 /* RealmListController.swift in Sources */ = {isa = PBXBuildFile; fileRef = CC3064EF286CD24C00F66636 /* RealmListController.swift */; };
		CC3064F3286CED1B00F66636 /* ListRequestTableCell.swift in Sources */ = {isa = PBXBuildFile; fileRef = CC3064F1286CED1B00F66636 /* ListRequestTableCell.swift */; };
		CC3064F4286CED1B00F66636 /* ListRequestTableCell.xib in Resources */ = {isa = PBXBuildFile; fileRef = CC3064F2286CED1B00F66636 /* ListRequestTableCell.xib */; };
		CC471716286875D200122832 /* MapViewControllers+Extension.swift in Sources */ = {isa = PBXBuildFile; fileRef = CC471715286875D200122832 /* MapViewControllers+Extension.swift */; };
		CC54D5A9285F3844005A4942 /* AppDelegate.swift in Sources */ = {isa = PBXBuildFile; fileRef = CC54D5A8285F3844005A4942 /* AppDelegate.swift */; };
		CC54D5AB285F3844005A4942 /* SceneDelegate.swift in Sources */ = {isa = PBXBuildFile; fileRef = CC54D5AA285F3844005A4942 /* SceneDelegate.swift */; };
		CC54D5AD285F3844005A4942 /* WeatherViewController.swift in Sources */ = {isa = PBXBuildFile; fileRef = CC54D5AC285F3844005A4942 /* WeatherViewController.swift */; };
		CC54D5B0285F3844005A4942 /* Main.storyboard in Resources */ = {isa = PBXBuildFile; fileRef = CC54D5AE285F3844005A4942 /* Main.storyboard */; };
		CC54D5B2285F3846005A4942 /* Assets.xcassets in Resources */ = {isa = PBXBuildFile; fileRef = CC54D5B1285F3846005A4942 /* Assets.xcassets */; };
		CC54D5B5285F3846005A4942 /* LaunchScreen.storyboard in Resources */ = {isa = PBXBuildFile; fileRef = CC54D5B3285F3846005A4942 /* LaunchScreen.storyboard */; };
		CC54D5BD285F4B26005A4942 /* WeatherData.swift in Sources */ = {isa = PBXBuildFile; fileRef = CC54D5BC285F4B26005A4942 /* WeatherData.swift */; };
		CC5BEC5428675E1700A0237C /* MapViewController.swift in Sources */ = {isa = PBXBuildFile; fileRef = CC5BEC5328675E1700A0237C /* MapViewController.swift */; };
		CC6C6B32287DDABC004A1DBD /* InfoWindow.xib in Resources */ = {isa = PBXBuildFile; fileRef = CC6C6B31287DDABC004A1DBD /* InfoWindow.xib */; };
		CC6C6B34287DDD67004A1DBD /* CustomInfoWindow.swift in Sources */ = {isa = PBXBuildFile; fileRef = CC6C6B33287DDD67004A1DBD /* CustomInfoWindow.swift */; };
		CC8953F028821D48004A1EDC /* Localizable.strings in Resources */ = {isa = PBXBuildFile; fileRef = CC8953F228821D48004A1EDC /* Localizable.strings */; };
		CC8A47522867250200C427B3 /* HourlyWeatherData.swift in Sources */ = {isa = PBXBuildFile; fileRef = CC8A47512867250200C427B3 /* HourlyWeatherData.swift */; };
		CC8A47542867252100C427B3 /* DailyWeatherData.swift in Sources */ = {isa = PBXBuildFile; fileRef = CC8A47532867252100C427B3 /* DailyWeatherData.swift */; };
		CC8A47562867286400C427B3 /* Constants.swift in Sources */ = {isa = PBXBuildFile; fileRef = CC8A47552867286400C427B3 /* Constants.swift */; };
		CC8A475828672B1000C427B3 /* AlamofireProvaider.swift in Sources */ = {isa = PBXBuildFile; fileRef = CC8A475728672B1000C427B3 /* AlamofireProvaider.swift */; };
		CC8A475A2867557000C427B3 /* RestAPIProviderProtocol.swift in Sources */ = {isa = PBXBuildFile; fileRef = CC8A47592867557000C427B3 /* RestAPIProviderProtocol.swift */; };
		CC900B262882DD5700A9FCEE /* InfoPlist.strings in Resources */ = {isa = PBXBuildFile; fileRef = CC900B282882DD5700A9FCEE /* InfoPlist.strings */; };
		CC954CDE288323F1006AB565 /* SettingsViewController.swift in Sources */ = {isa = PBXBuildFile; fileRef = CC954CDD288323F1006AB565 /* SettingsViewController.swift */; };
		CC954CE628832511006AB565 /* SettingsCells.swift in Sources */ = {isa = PBXBuildFile; fileRef = CC954CE428832511006AB565 /* SettingsCells.swift */; };
		CC954CE728832511006AB565 /* SettingsCells.xib in Resources */ = {isa = PBXBuildFile; fileRef = CC954CE528832511006AB565 /* SettingsCells.xib */; };
		CC954CE928832C19006AB565 /* WeatherConditionalViewController.swift in Sources */ = {isa = PBXBuildFile; fileRef = CC954CE828832C19006AB565 /* WeatherConditionalViewController.swift */; };
		CCA8EC5D286B02B4008DCF9E /* CurrentWeatherCell.swift in Sources */ = {isa = PBXBuildFile; fileRef = CCA8EC5B286B02B4008DCF9E /* CurrentWeatherCell.swift */; };
		CCA8EC5E286B02B4008DCF9E /* CurrentWeatherCell.xib in Resources */ = {isa = PBXBuildFile; fileRef = CCA8EC5C286B02B4008DCF9E /* CurrentWeatherCell.xib */; };
		CCC3107E286C49C200A3B49C /* Realm in Frameworks */ = {isa = PBXBuildFile; productRef = CCC3107D286C49C200A3B49C /* Realm */; };
		CCC31080286C49C200A3B49C /* RealmSwift in Frameworks */ = {isa = PBXBuildFile; productRef = CCC3107F286C49C200A3B49C /* RealmSwift */; };
		CCC31087286C5D7F00A3B49C /* RealmQueryList.swift in Sources */ = {isa = PBXBuildFile; fileRef = CCC31086286C5D7F00A3B49C /* RealmQueryList.swift */; };
		CCCEA62F286B13B600E5CB0C /* HourlyWeatherCell.swift in Sources */ = {isa = PBXBuildFile; fileRef = CCCEA62D286B13B600E5CB0C /* HourlyWeatherCell.swift */; };
		CCCEA630286B13B600E5CB0C /* HourlyWeatherCell.xib in Resources */ = {isa = PBXBuildFile; fileRef = CCCEA62E286B13B600E5CB0C /* HourlyWeatherCell.xib */; };
		CCCEA633286B154B00E5CB0C /* HourlyWeatherCollectionCell.swift in Sources */ = {isa = PBXBuildFile; fileRef = CCCEA631286B154B00E5CB0C /* HourlyWeatherCollectionCell.swift */; };
		CCCEA634286B154B00E5CB0C /* HourlyWeatherCollectionCell.xib in Resources */ = {isa = PBXBuildFile; fileRef = CCCEA632286B154B00E5CB0C /* HourlyWeatherCollectionCell.xib */; };
		CCCEA637286B428C00E5CB0C /* DailyWeatherCell.swift in Sources */ = {isa = PBXBuildFile; fileRef = CCCEA635286B428C00E5CB0C /* DailyWeatherCell.swift */; };
		CCCEA638286B428C00E5CB0C /* DailyWeatherCell.xib in Resources */ = {isa = PBXBuildFile; fileRef = CCCEA636286B428C00E5CB0C /* DailyWeatherCell.xib */; };
		CCD63DE028840CBB0011FC12 /* WeatherConditionalCell.swift in Sources */ = {isa = PBXBuildFile; fileRef = CCD63DDE28840CBB0011FC12 /* WeatherConditionalCell.swift */; };
		CCD63DE128840CBB0011FC12 /* WeatherConditionalCell.xib in Resources */ = {isa = PBXBuildFile; fileRef = CCD63DDF28840CBB0011FC12 /* WeatherConditionalCell.xib */; };
		CCD72145286DB6160043B636 /* RealmProviderProtocol.swift in Sources */ = {isa = PBXBuildFile; fileRef = CCD72144286DB6150043B636 /* RealmProviderProtocol.swift */; };
		CCD72147286DB63B0043B636 /* RealmProvaider.swift in Sources */ = {isa = PBXBuildFile; fileRef = CCD72146286DB63B0043B636 /* RealmProvaider.swift */; };
		CCD72149286DC2D10043B636 /* Int+Extension.swift in Sources */ = {isa = PBXBuildFile; fileRef = CCD72148286DC2D10043B636 /* Int+Extension.swift */; };
		CCDD00D9286CFDEA00CE8582 /* FormattedType.swift in Sources */ = {isa = PBXBuildFile; fileRef = CCDD00D8286CFDEA00CE8582 /* FormattedType.swift */; };
		CCDD00DD286D01C200CE8582 /* RealmListController+Extension.swift in Sources */ = {isa = PBXBuildFile; fileRef = CCDD00DC286D01C200CE8582 /* RealmListController+Extension.swift */; };
		CCDD00DF286D021200CE8582 /* HourlyWeatherCell+Extension.swift in Sources */ = {isa = PBXBuildFile; fileRef = CCDD00DE286D021200CE8582 /* HourlyWeatherCell+Extension.swift */; };
		CCDD00E2286D03A100CE8582 /* RealmCurrentWeather.swift in Sources */ = {isa = PBXBuildFile; fileRef = CCDD00E1286D03A100CE8582 /* RealmCurrentWeather.swift */; };
/* End PBXBuildFile section */

/* Begin PBXFileReference section */
		0C1E5AF562D00323C02D0AF6 /* Pods-home_work_23.release.xcconfig */ = {isa = PBXFileReference; includeInIndex = 1; lastKnownFileType = text.xcconfig; name = "Pods-home_work_23.release.xcconfig"; path = "Target Support Files/Pods-home_work_23/Pods-home_work_23.release.xcconfig"; sourceTree = "<group>"; };
		574E34DB2A4E3A9B2AD5046F /* Pods-home_work_23.debug.xcconfig */ = {isa = PBXFileReference; includeInIndex = 1; lastKnownFileType = text.xcconfig; name = "Pods-home_work_23.debug.xcconfig"; path = "Target Support Files/Pods-home_work_23/Pods-home_work_23.debug.xcconfig"; sourceTree = "<group>"; };
		5F0F180ACDD77A75F4B010EF /* Pods_home_work_23.framework */ = {isa = PBXFileReference; explicitFileType = wrapper.framework; includeInIndex = 0; path = Pods_home_work_23.framework; sourceTree = BUILT_PRODUCTS_DIR; };
		CC0F05CB2868815200A33DE0 /* WeatherViewController+Extension.swift */ = {isa = PBXFileReference; lastKnownFileType = sourcecode.swift; path = "WeatherViewController+Extension.swift"; sourceTree = "<group>"; };
		CC261D152884BFB50025510F /* WeatherConditionalViewController+extension.swift */ = {isa = PBXFileReference; lastKnownFileType = sourcecode.swift; path = "WeatherConditionalViewController+extension.swift"; sourceTree = "<group>"; };
		CC261D172884C0190025510F /* SettingsViewController+extension.swift */ = {isa = PBXFileReference; lastKnownFileType = sourcecode.swift; path = "SettingsViewController+extension.swift"; sourceTree = "<group>"; };
		CC27E363287DF8A900720830 /* ModeType.swift */ = {isa = PBXFileReference; lastKnownFileType = sourcecode.swift; path = ModeType.swift; sourceTree = "<group>"; };
		CC27E365287DF93200720830 /* ContentType.swift */ = {isa = PBXFileReference; lastKnownFileType = sourcecode.swift; path = ContentType.swift; sourceTree = "<group>"; };
		CC30484F286365EF004DF315 /* InfoCity.swift */ = {isa = PBXFileReference; lastKnownFileType = sourcecode.swift; path = InfoCity.swift; sourceTree = "<group>"; };
		CC3064EF286CD24C00F66636 /* RealmListController.swift */ = {isa = PBXFileReference; lastKnownFileType = sourcecode.swift; path = RealmListController.swift; sourceTree = "<group>"; };
		CC3064F1286CED1B00F66636 /* ListRequestTableCell.swift */ = {isa = PBXFileReference; lastKnownFileType = sourcecode.swift; path = ListRequestTableCell.swift; sourceTree = "<group>"; };
		CC3064F2286CED1B00F66636 /* ListRequestTableCell.xib */ = {isa = PBXFileReference; lastKnownFileType = file.xib; path = ListRequestTableCell.xib; sourceTree = "<group>"; };
		CC471715286875D200122832 /* MapViewControllers+Extension.swift */ = {isa = PBXFileReference; lastKnownFileType = sourcecode.swift; path = "MapViewControllers+Extension.swift"; sourceTree = "<group>"; };
		CC54D5A5285F3844005A4942 /* home_work_23.app */ = {isa = PBXFileReference; explicitFileType = wrapper.application; includeInIndex = 0; path = home_work_23.app; sourceTree = BUILT_PRODUCTS_DIR; };
		CC54D5A8285F3844005A4942 /* AppDelegate.swift */ = {isa = PBXFileReference; lastKnownFileType = sourcecode.swift; path = AppDelegate.swift; sourceTree = "<group>"; };
		CC54D5AA285F3844005A4942 /* SceneDelegate.swift */ = {isa = PBXFileReference; lastKnownFileType = sourcecode.swift; path = SceneDelegate.swift; sourceTree = "<group>"; };
		CC54D5AC285F3844005A4942 /* WeatherViewController.swift */ = {isa = PBXFileReference; lastKnownFileType = sourcecode.swift; path = WeatherViewController.swift; sourceTree = "<group>"; };
		CC54D5AF285F3844005A4942 /* Base */ = {isa = PBXFileReference; lastKnownFileType = file.storyboard; name = Base; path = Base.lproj/Main.storyboard; sourceTree = "<group>"; };
		CC54D5B1285F3846005A4942 /* Assets.xcassets */ = {isa = PBXFileReference; lastKnownFileType = folder.assetcatalog; path = Assets.xcassets; sourceTree = "<group>"; };
		CC54D5B4285F3846005A4942 /* Base */ = {isa = PBXFileReference; lastKnownFileType = file.storyboard; name = Base; path = Base.lproj/LaunchScreen.storyboard; sourceTree = "<group>"; };
		CC54D5B6285F3846005A4942 /* Info.plist */ = {isa = PBXFileReference; lastKnownFileType = text.plist.xml; path = Info.plist; sourceTree = "<group>"; };
		CC54D5BC285F4B26005A4942 /* WeatherData.swift */ = {isa = PBXFileReference; lastKnownFileType = sourcecode.swift; path = WeatherData.swift; sourceTree = "<group>"; };
		CC5BEC5328675E1700A0237C /* MapViewController.swift */ = {isa = PBXFileReference; lastKnownFileType = sourcecode.swift; path = MapViewController.swift; sourceTree = "<group>"; };
		CC6C6B31287DDABC004A1DBD /* InfoWindow.xib */ = {isa = PBXFileReference; lastKnownFileType = file.xib; path = InfoWindow.xib; sourceTree = "<group>"; };
		CC6C6B33287DDD67004A1DBD /* CustomInfoWindow.swift */ = {isa = PBXFileReference; lastKnownFileType = sourcecode.swift; path = CustomInfoWindow.swift; sourceTree = "<group>"; };
		CC8953F428821DF0004A1EDC /* ru */ = {isa = PBXFileReference; lastKnownFileType = text.plist.strings; name = ru; path = ru.lproj/LaunchScreen.strings; sourceTree = "<group>"; };
		CC8953F528821DF0004A1EDC /* ru */ = {isa = PBXFileReference; lastKnownFileType = text.plist.strings; name = ru; path = ru.lproj/Localizable.strings; sourceTree = "<group>"; };
		CC8953F928821E0E004A1EDC /* en */ = {isa = PBXFileReference; lastKnownFileType = text.plist.strings; name = en; path = en.lproj/LaunchScreen.strings; sourceTree = "<group>"; };
		CC8A47512867250200C427B3 /* HourlyWeatherData.swift */ = {isa = PBXFileReference; lastKnownFileType = sourcecode.swift; path = HourlyWeatherData.swift; sourceTree = "<group>"; };
		CC8A47532867252100C427B3 /* DailyWeatherData.swift */ = {isa = PBXFileReference; lastKnownFileType = sourcecode.swift; path = DailyWeatherData.swift; sourceTree = "<group>"; };
		CC8A47552867286400C427B3 /* Constants.swift */ = {isa = PBXFileReference; lastKnownFileType = sourcecode.swift; path = Constants.swift; sourceTree = "<group>"; };
		CC8A475728672B1000C427B3 /* AlamofireProvaider.swift */ = {isa = PBXFileReference; lastKnownFileType = sourcecode.swift; path = AlamofireProvaider.swift; sourceTree = "<group>"; };
		CC8A47592867557000C427B3 /* RestAPIProviderProtocol.swift */ = {isa = PBXFileReference; lastKnownFileType = sourcecode.swift; path = RestAPIProviderProtocol.swift; sourceTree = "<group>"; };
		CC900B272882DD5700A9FCEE /* en */ = {isa = PBXFileReference; lastKnownFileType = text.plist.strings; name = en; path = en.lproj/InfoPlist.strings; sourceTree = "<group>"; };
		CC900B292882DD5E00A9FCEE /* ru */ = {isa = PBXFileReference; lastKnownFileType = text.plist.strings; name = ru; path = ru.lproj/InfoPlist.strings; sourceTree = "<group>"; };
		CC954CDD288323F1006AB565 /* SettingsViewController.swift */ = {isa = PBXFileReference; lastKnownFileType = sourcecode.swift; path = SettingsViewController.swift; sourceTree = "<group>"; };
		CC954CE428832511006AB565 /* SettingsCells.swift */ = {isa = PBXFileReference; lastKnownFileType = sourcecode.swift; path = SettingsCells.swift; sourceTree = "<group>"; };
		CC954CE528832511006AB565 /* SettingsCells.xib */ = {isa = PBXFileReference; lastKnownFileType = file.xib; path = SettingsCells.xib; sourceTree = "<group>"; };
		CC954CE828832C19006AB565 /* WeatherConditionalViewController.swift */ = {isa = PBXFileReference; lastKnownFileType = sourcecode.swift; path = WeatherConditionalViewController.swift; sourceTree = "<group>"; };
		CC954CF1288360F0006AB565 /* en */ = {isa = PBXFileReference; lastKnownFileType = text.plist.strings; name = en; path = en.lproj/Localizable.strings; sourceTree = "<group>"; };
		CCA8EC5B286B02B4008DCF9E /* CurrentWeatherCell.swift */ = {isa = PBXFileReference; lastKnownFileType = sourcecode.swift; path = CurrentWeatherCell.swift; sourceTree = "<group>"; };
		CCA8EC5C286B02B4008DCF9E /* CurrentWeatherCell.xib */ = {isa = PBXFileReference; lastKnownFileType = file.xib; path = CurrentWeatherCell.xib; sourceTree = "<group>"; };
		CCC31086286C5D7F00A3B49C /* RealmQueryList.swift */ = {isa = PBXFileReference; lastKnownFileType = sourcecode.swift; path = RealmQueryList.swift; sourceTree = "<group>"; };
		CCCEA62D286B13B600E5CB0C /* HourlyWeatherCell.swift */ = {isa = PBXFileReference; lastKnownFileType = sourcecode.swift; path = HourlyWeatherCell.swift; sourceTree = "<group>"; };
		CCCEA62E286B13B600E5CB0C /* HourlyWeatherCell.xib */ = {isa = PBXFileReference; lastKnownFileType = file.xib; path = HourlyWeatherCell.xib; sourceTree = "<group>"; };
		CCCEA631286B154B00E5CB0C /* HourlyWeatherCollectionCell.swift */ = {isa = PBXFileReference; lastKnownFileType = sourcecode.swift; path = HourlyWeatherCollectionCell.swift; sourceTree = "<group>"; };
		CCCEA632286B154B00E5CB0C /* HourlyWeatherCollectionCell.xib */ = {isa = PBXFileReference; lastKnownFileType = file.xib; path = HourlyWeatherCollectionCell.xib; sourceTree = "<group>"; };
		CCCEA635286B428C00E5CB0C /* DailyWeatherCell.swift */ = {isa = PBXFileReference; lastKnownFileType = sourcecode.swift; path = DailyWeatherCell.swift; sourceTree = "<group>"; };
		CCCEA636286B428C00E5CB0C /* DailyWeatherCell.xib */ = {isa = PBXFileReference; lastKnownFileType = file.xib; path = DailyWeatherCell.xib; sourceTree = "<group>"; };
		CCD63DDE28840CBB0011FC12 /* WeatherConditionalCell.swift */ = {isa = PBXFileReference; lastKnownFileType = sourcecode.swift; path = WeatherConditionalCell.swift; sourceTree = "<group>"; };
		CCD63DDF28840CBB0011FC12 /* WeatherConditionalCell.xib */ = {isa = PBXFileReference; lastKnownFileType = file.xib; path = WeatherConditionalCell.xib; sourceTree = "<group>"; };
		CCD63DE6288498CD0011FC12 /* en */ = {isa = PBXFileReference; lastKnownFileType = text.plist.strings; name = en; path = en.lproj/Main.strings; sourceTree = "<group>"; };
		CCD63DE8288498D00011FC12 /* ru */ = {isa = PBXFileReference; lastKnownFileType = text.plist.strings; name = ru; path = ru.lproj/Main.strings; sourceTree = "<group>"; };
		CCD72144286DB6150043B636 /* RealmProviderProtocol.swift */ = {isa = PBXFileReference; lastKnownFileType = sourcecode.swift; path = RealmProviderProtocol.swift; sourceTree = "<group>"; };
		CCD72146286DB63B0043B636 /* RealmProvaider.swift */ = {isa = PBXFileReference; lastKnownFileType = sourcecode.swift; path = RealmProvaider.swift; sourceTree = "<group>"; };
		CCD72148286DC2D10043B636 /* Int+Extension.swift */ = {isa = PBXFileReference; lastKnownFileType = sourcecode.swift; path = "Int+Extension.swift"; sourceTree = "<group>"; };
		CCDD00D8286CFDEA00CE8582 /* FormattedType.swift */ = {isa = PBXFileReference; lastKnownFileType = sourcecode.swift; path = FormattedType.swift; sourceTree = "<group>"; };
		CCDD00DC286D01C200CE8582 /* RealmListController+Extension.swift */ = {isa = PBXFileReference; lastKnownFileType = sourcecode.swift; path = "RealmListController+Extension.swift"; sourceTree = "<group>"; };
		CCDD00DE286D021200CE8582 /* HourlyWeatherCell+Extension.swift */ = {isa = PBXFileReference; lastKnownFileType = sourcecode.swift; path = "HourlyWeatherCell+Extension.swift"; sourceTree = "<group>"; };
		CCDD00E1286D03A100CE8582 /* RealmCurrentWeather.swift */ = {isa = PBXFileReference; lastKnownFileType = sourcecode.swift; path = RealmCurrentWeather.swift; sourceTree = "<group>"; };
/* End PBXFileReference section */

/* Begin PBXFrameworksBuildPhase section */
		CC54D5A2285F3844005A4942 /* Frameworks */ = {
			isa = PBXFrameworksBuildPhase;
			buildActionMask = 2147483647;
			files = (
				CCC31080286C49C200A3B49C /* RealmSwift in Frameworks */,
				CCC3107E286C49C200A3B49C /* Realm in Frameworks */,
				CC30485328638340004DF315 /* Alamofire in Frameworks */,
				A80A51B2D6AE4A05D3E092F1 /* Pods_home_work_23.framework in Frameworks */,
			);
			runOnlyForDeploymentPostprocessing = 0;
		};
/* End PBXFrameworksBuildPhase section */

/* Begin PBXGroup section */
		277A19029DBCFB0E7681C90E /* Pods */ = {
			isa = PBXGroup;
			children = (
				574E34DB2A4E3A9B2AD5046F /* Pods-home_work_23.debug.xcconfig */,
				0C1E5AF562D00323C02D0AF6 /* Pods-home_work_23.release.xcconfig */,
			);
			path = Pods;
			sourceTree = "<group>";
		};
		73D8A14267133528ADA2C36B /* Frameworks */ = {
			isa = PBXGroup;
			children = (
				5F0F180ACDD77A75F4B010EF /* Pods_home_work_23.framework */,
			);
			name = Frameworks;
			sourceTree = "<group>";
		};
		CC0F05D12868E35100A33DE0 /* Cells */ = {
			isa = PBXGroup;
			children = (
				CCCEA639286B87FD00E5CB0C /* CurrentWeatherCell */,
				CCCEA63A286B881A00E5CB0C /* HourlyWeayherCell */,
				CCCEA63C286B885000E5CB0C /* DailyWeayherCell */,
				CCDD00E0286D035900CE8582 /* ListRequestTableCell */,
				CC954CE3288324BB006AB565 /* SettingsCells */,
				CCD63DE228840CCB0011FC12 /* WeatherConditionalCell */,
			);
			path = Cells;
			sourceTree = "<group>";
		};
		CC27E367287DFA3A00720830 /* CustomInfoWindow */ = {
			isa = PBXGroup;
			children = (
				CC6C6B33287DDD67004A1DBD /* CustomInfoWindow.swift */,
				CC6C6B31287DDABC004A1DBD /* InfoWindow.xib */,
			);
			path = CustomInfoWindow;
			sourceTree = "<group>";
		};
		CC3048542863B212004DF315 /* Models */ = {
			isa = PBXGroup;
			children = (
				CC27E365287DF93200720830 /* ContentType.swift */,
				CCDD00D8286CFDEA00CE8582 /* FormattedType.swift */,
				CC30484F286365EF004DF315 /* InfoCity.swift */,
				CC54D5BC285F4B26005A4942 /* WeatherData.swift */,
				CC8A47512867250200C427B3 /* HourlyWeatherData.swift */,
				CC8A47532867252100C427B3 /* DailyWeatherData.swift */,
				CC27E363287DF8A900720830 /* ModeType.swift */,
				CCDD00E3286D050E00CE8582 /* RealmModels */,
			);
			path = Models;
			sourceTree = "<group>";
		};
		CC471717286875E500122832 /* Extensions */ = {
			isa = PBXGroup;
			children = (
				CC471715286875D200122832 /* MapViewControllers+Extension.swift */,
				CC0F05CB2868815200A33DE0 /* WeatherViewController+Extension.swift */,
				CCD72148286DC2D10043B636 /* Int+Extension.swift */,
				CCDD00DC286D01C200CE8582 /* RealmListController+Extension.swift */,
				CCDD00DE286D021200CE8582 /* HourlyWeatherCell+Extension.swift */,
				CC261D152884BFB50025510F /* WeatherConditionalViewController+extension.swift */,
				CC261D172884C0190025510F /* SettingsViewController+extension.swift */,
			);
			path = Extensions;
			sourceTree = "<group>";
		};
		CC54D59C285F3844005A4942 = {
			isa = PBXGroup;
			children = (
				CC54D5A7285F3844005A4942 /* home_work_23 */,
				CC54D5A6285F3844005A4942 /* Products */,
				277A19029DBCFB0E7681C90E /* Pods */,
				73D8A14267133528ADA2C36B /* Frameworks */,
			);
			sourceTree = "<group>";
		};
		CC54D5A6285F3844005A4942 /* Products */ = {
			isa = PBXGroup;
			children = (
				CC54D5A5285F3844005A4942 /* home_work_23.app */,
			);
			name = Products;
			sourceTree = "<group>";
		};
		CC54D5A7285F3844005A4942 /* home_work_23 */ = {
			isa = PBXGroup;
			children = (
				CC54D5A8285F3844005A4942 /* AppDelegate.swift */,
				CC54D5AA285F3844005A4942 /* SceneDelegate.swift */,
				CC8A475B286756EE00C427B3 /* ViewControllers */,
				CC8A475D2867572200C427B3 /* Services */,
				CC8A475C286756FF00C427B3 /* Protocols */,
				CC471717286875E500122832 /* Extensions */,
				CC3048542863B212004DF315 /* Models */,
				CC27E367287DFA3A00720830 /* CustomInfoWindow */,
				CC0F05D12868E35100A33DE0 /* Cells */,
				CC54D5AE285F3844005A4942 /* Main.storyboard */,
				CC54D5B3285F3846005A4942 /* LaunchScreen.storyboard */,
				CC54D5B6285F3846005A4942 /* Info.plist */,
				CC54D5B1285F3846005A4942 /* Assets.xcassets */,
				CC8953F228821D48004A1EDC /* Localizable.strings */,
				CC900B282882DD5700A9FCEE /* InfoPlist.strings */,
			);
			path = home_work_23;
			sourceTree = "<group>";
		};
		CC8A475B286756EE00C427B3 /* ViewControllers */ = {
			isa = PBXGroup;
			children = (
				CC954CE828832C19006AB565 /* WeatherConditionalViewController.swift */,
				CC954CDD288323F1006AB565 /* SettingsViewController.swift */,
				CC54D5AC285F3844005A4942 /* WeatherViewController.swift */,
				CC5BEC5328675E1700A0237C /* MapViewController.swift */,
				CC3064EF286CD24C00F66636 /* RealmListController.swift */,
			);
			path = ViewControllers;
			sourceTree = "<group>";
		};
		CC8A475C286756FF00C427B3 /* Protocols */ = {
			isa = PBXGroup;
			children = (
				CC8A47592867557000C427B3 /* RestAPIProviderProtocol.swift */,
				CCD72144286DB6150043B636 /* RealmProviderProtocol.swift */,
			);
			path = Protocols;
			sourceTree = "<group>";
		};
		CC8A475D2867572200C427B3 /* Services */ = {
			isa = PBXGroup;
			children = (
				CC8A47552867286400C427B3 /* Constants.swift */,
				CC8A475728672B1000C427B3 /* AlamofireProvaider.swift */,
				CCD72146286DB63B0043B636 /* RealmProvaider.swift */,
			);
			path = Services;
			sourceTree = "<group>";
		};
		CC954CE3288324BB006AB565 /* SettingsCells */ = {
			isa = PBXGroup;
			children = (
				CC954CE428832511006AB565 /* SettingsCells.swift */,
				CC954CE528832511006AB565 /* SettingsCells.xib */,
			);
			path = SettingsCells;
			sourceTree = "<group>";
		};
		CCCEA639286B87FD00E5CB0C /* CurrentWeatherCell */ = {
			isa = PBXGroup;
			children = (
				CCA8EC5B286B02B4008DCF9E /* CurrentWeatherCell.swift */,
				CCA8EC5C286B02B4008DCF9E /* CurrentWeatherCell.xib */,
			);
			path = CurrentWeatherCell;
			sourceTree = "<group>";
		};
		CCCEA63A286B881A00E5CB0C /* HourlyWeayherCell */ = {
			isa = PBXGroup;
			children = (
				CCCEA62D286B13B600E5CB0C /* HourlyWeatherCell.swift */,
				CCCEA62E286B13B600E5CB0C /* HourlyWeatherCell.xib */,
				CCCEA63B286B883500E5CB0C /* CollectionCell */,
			);
			path = HourlyWeayherCell;
			sourceTree = "<group>";
		};
		CCCEA63B286B883500E5CB0C /* CollectionCell */ = {
			isa = PBXGroup;
			children = (
				CCCEA631286B154B00E5CB0C /* HourlyWeatherCollectionCell.swift */,
				CCCEA632286B154B00E5CB0C /* HourlyWeatherCollectionCell.xib */,
			);
			path = CollectionCell;
			sourceTree = "<group>";
		};
		CCCEA63C286B885000E5CB0C /* DailyWeayherCell */ = {
			isa = PBXGroup;
			children = (
				CCCEA635286B428C00E5CB0C /* DailyWeatherCell.swift */,
				CCCEA636286B428C00E5CB0C /* DailyWeatherCell.xib */,
			);
			path = DailyWeayherCell;
			sourceTree = "<group>";
		};
		CCD63DE228840CCB0011FC12 /* WeatherConditionalCell */ = {
			isa = PBXGroup;
			children = (
				CCD63DDE28840CBB0011FC12 /* WeatherConditionalCell.swift */,
				CCD63DDF28840CBB0011FC12 /* WeatherConditionalCell.xib */,
			);
			path = WeatherConditionalCell;
			sourceTree = "<group>";
		};
		CCDD00E0286D035900CE8582 /* ListRequestTableCell */ = {
			isa = PBXGroup;
			children = (
				CC3064F1286CED1B00F66636 /* ListRequestTableCell.swift */,
				CC3064F2286CED1B00F66636 /* ListRequestTableCell.xib */,
			);
			path = ListRequestTableCell;
			sourceTree = "<group>";
		};
		CCDD00E3286D050E00CE8582 /* RealmModels */ = {
			isa = PBXGroup;
			children = (
				CCC31086286C5D7F00A3B49C /* RealmQueryList.swift */,
				CCDD00E1286D03A100CE8582 /* RealmCurrentWeather.swift */,
			);
			path = RealmModels;
			sourceTree = "<group>";
		};
/* End PBXGroup section */

/* Begin PBXNativeTarget section */
		CC54D5A4285F3844005A4942 /* home_work_23 */ = {
			isa = PBXNativeTarget;
			buildConfigurationList = CC54D5B9285F3846005A4942 /* Build configuration list for PBXNativeTarget "home_work_23" */;
			buildPhases = (
				2A1218976E10765263F0F6BC /* [CP] Check Pods Manifest.lock */,
				CC54D5A1285F3844005A4942 /* Sources */,
				CC54D5A2285F3844005A4942 /* Frameworks */,
				CC54D5A3285F3844005A4942 /* Resources */,
				4D7927469456E9606579ED0F /* [CP] Copy Pods Resources */,
			);
			buildRules = (
			);
			dependencies = (
			);
			name = home_work_23;
			packageProductDependencies = (
				CC30485228638340004DF315 /* Alamofire */,
				CCC3107D286C49C200A3B49C /* Realm */,
				CCC3107F286C49C200A3B49C /* RealmSwift */,
			);
			productName = home_work_23;
			productReference = CC54D5A5285F3844005A4942 /* home_work_23.app */;
			productType = "com.apple.product-type.application";
		};
/* End PBXNativeTarget section */

/* Begin PBXProject section */
		CC54D59D285F3844005A4942 /* Project object */ = {
			isa = PBXProject;
			attributes = {
				BuildIndependentTargetsInParallel = 1;
				LastSwiftUpdateCheck = 1340;
				LastUpgradeCheck = 1340;
				TargetAttributes = {
					CC54D5A4285F3844005A4942 = {
						CreatedOnToolsVersion = 13.4.1;
					};
				};
			};
			buildConfigurationList = CC54D5A0285F3844005A4942 /* Build configuration list for PBXProject "home_work_23" */;
			compatibilityVersion = "Xcode 13.0";
			developmentRegion = en;
			hasScannedForEncodings = 0;
			knownRegions = (
				en,
				Base,
				ru,
			);
			mainGroup = CC54D59C285F3844005A4942;
			packageReferences = (
				CC30485128638340004DF315 /* XCRemoteSwiftPackageReference "Alamofire" */,
				CCC3107C286C49C200A3B49C /* XCRemoteSwiftPackageReference "realm-swift" */,
			);
			productRefGroup = CC54D5A6285F3844005A4942 /* Products */;
			projectDirPath = "";
			projectRoot = "";
			targets = (
				CC54D5A4285F3844005A4942 /* home_work_23 */,
			);
		};
/* End PBXProject section */

/* Begin PBXResourcesBuildPhase section */
		CC54D5A3285F3844005A4942 /* Resources */ = {
			isa = PBXResourcesBuildPhase;
			buildActionMask = 2147483647;
			files = (
				CC54D5B5285F3846005A4942 /* LaunchScreen.storyboard in Resources */,
				CCD63DE128840CBB0011FC12 /* WeatherConditionalCell.xib in Resources */,
				CCCEA634286B154B00E5CB0C /* HourlyWeatherCollectionCell.xib in Resources */,
				CCCEA630286B13B600E5CB0C /* HourlyWeatherCell.xib in Resources */,
				CC54D5B2285F3846005A4942 /* Assets.xcassets in Resources */,
				CCA8EC5E286B02B4008DCF9E /* CurrentWeatherCell.xib in Resources */,
				CC8953F028821D48004A1EDC /* Localizable.strings in Resources */,
				CC6C6B32287DDABC004A1DBD /* InfoWindow.xib in Resources */,
				CCCEA638286B428C00E5CB0C /* DailyWeatherCell.xib in Resources */,
				CC3064F4286CED1B00F66636 /* ListRequestTableCell.xib in Resources */,
				CC900B262882DD5700A9FCEE /* InfoPlist.strings in Resources */,
				CC954CE728832511006AB565 /* SettingsCells.xib in Resources */,
				CC54D5B0285F3844005A4942 /* Main.storyboard in Resources */,
			);
			runOnlyForDeploymentPostprocessing = 0;
		};
/* End PBXResourcesBuildPhase section */

/* Begin PBXShellScriptBuildPhase section */
		2A1218976E10765263F0F6BC /* [CP] Check Pods Manifest.lock */ = {
			isa = PBXShellScriptBuildPhase;
			buildActionMask = 2147483647;
			files = (
			);
			inputFileListPaths = (
			);
			inputPaths = (
				"${PODS_PODFILE_DIR_PATH}/Podfile.lock",
				"${PODS_ROOT}/Manifest.lock",
			);
			name = "[CP] Check Pods Manifest.lock";
			outputFileListPaths = (
			);
			outputPaths = (
				"$(DERIVED_FILE_DIR)/Pods-home_work_23-checkManifestLockResult.txt",
			);
			runOnlyForDeploymentPostprocessing = 0;
			shellPath = /bin/sh;
			shellScript = "diff \"${PODS_PODFILE_DIR_PATH}/Podfile.lock\" \"${PODS_ROOT}/Manifest.lock\" > /dev/null\nif [ $? != 0 ] ; then\n    # print error to STDERR\n    echo \"error: The sandbox is not in sync with the Podfile.lock. Run 'pod install' or update your CocoaPods installation.\" >&2\n    exit 1\nfi\n# This output is used by Xcode 'outputs' to avoid re-running this script phase.\necho \"SUCCESS\" > \"${SCRIPT_OUTPUT_FILE_0}\"\n";
			showEnvVarsInLog = 0;
		};
		4D7927469456E9606579ED0F /* [CP] Copy Pods Resources */ = {
			isa = PBXShellScriptBuildPhase;
			buildActionMask = 2147483647;
			files = (
			);
			inputFileListPaths = (
				"${PODS_ROOT}/Target Support Files/Pods-home_work_23/Pods-home_work_23-resources-${CONFIGURATION}-input-files.xcfilelist",
			);
			name = "[CP] Copy Pods Resources";
			outputFileListPaths = (
				"${PODS_ROOT}/Target Support Files/Pods-home_work_23/Pods-home_work_23-resources-${CONFIGURATION}-output-files.xcfilelist",
			);
			runOnlyForDeploymentPostprocessing = 0;
			shellPath = /bin/sh;
			shellScript = "\"${PODS_ROOT}/Target Support Files/Pods-home_work_23/Pods-home_work_23-resources.sh\"\n";
			showEnvVarsInLog = 0;
		};
/* End PBXShellScriptBuildPhase section */

/* Begin PBXSourcesBuildPhase section */
		CC54D5A1285F3844005A4942 /* Sources */ = {
			isa = PBXSourcesBuildPhase;
			buildActionMask = 2147483647;
			files = (
				CCD72145286DB6160043B636 /* RealmProviderProtocol.swift in Sources */,
				CC261D182884C0190025510F /* SettingsViewController+extension.swift in Sources */,
				CCD63DE028840CBB0011FC12 /* WeatherConditionalCell.swift in Sources */,
				CC5BEC5428675E1700A0237C /* MapViewController.swift in Sources */,
				CC954CE928832C19006AB565 /* WeatherConditionalViewController.swift in Sources */,
				CCDD00DF286D021200CE8582 /* HourlyWeatherCell+Extension.swift in Sources */,
				CCCEA633286B154B00E5CB0C /* HourlyWeatherCollectionCell.swift in Sources */,
				CCCEA62F286B13B600E5CB0C /* HourlyWeatherCell.swift in Sources */,
				CC27E366287DF93200720830 /* ContentType.swift in Sources */,
				CC54D5BD285F4B26005A4942 /* WeatherData.swift in Sources */,
				CC0F05CC2868815200A33DE0 /* WeatherViewController+Extension.swift in Sources */,
				CC54D5AD285F3844005A4942 /* WeatherViewController.swift in Sources */,
				CC3064F3286CED1B00F66636 /* ListRequestTableCell.swift in Sources */,
				CC54D5A9285F3844005A4942 /* AppDelegate.swift in Sources */,
				CC8A475A2867557000C427B3 /* RestAPIProviderProtocol.swift in Sources */,
				CC54D5AB285F3844005A4942 /* SceneDelegate.swift in Sources */,
				CC304850286365EF004DF315 /* InfoCity.swift in Sources */,
				CCCEA637286B428C00E5CB0C /* DailyWeatherCell.swift in Sources */,
				CCDD00E2286D03A100CE8582 /* RealmCurrentWeather.swift in Sources */,
				CC471716286875D200122832 /* MapViewControllers+Extension.swift in Sources */,
				CCC31087286C5D7F00A3B49C /* RealmQueryList.swift in Sources */,
				CC261D162884BFB50025510F /* WeatherConditionalViewController+extension.swift in Sources */,
				CC954CE628832511006AB565 /* SettingsCells.swift in Sources */,
				CC8A475828672B1000C427B3 /* AlamofireProvaider.swift in Sources */,
				CCD72149286DC2D10043B636 /* Int+Extension.swift in Sources */,
				CC954CDE288323F1006AB565 /* SettingsViewController.swift in Sources */,
				CCA8EC5D286B02B4008DCF9E /* CurrentWeatherCell.swift in Sources */,
				CC27E364287DF8A900720830 /* ModeType.swift in Sources */,
				CC8A47542867252100C427B3 /* DailyWeatherData.swift in Sources */,
				CC8A47522867250200C427B3 /* HourlyWeatherData.swift in Sources */,
				CC3064F0286CD24C00F66636 /* RealmListController.swift in Sources */,
				CCD72147286DB63B0043B636 /* RealmProvaider.swift in Sources */,
				CC6C6B34287DDD67004A1DBD /* CustomInfoWindow.swift in Sources */,
				CCDD00DD286D01C200CE8582 /* RealmListController+Extension.swift in Sources */,
				CC8A47562867286400C427B3 /* Constants.swift in Sources */,
				CCDD00D9286CFDEA00CE8582 /* FormattedType.swift in Sources */,
			);
			runOnlyForDeploymentPostprocessing = 0;
		};
/* End PBXSourcesBuildPhase section */

/* Begin PBXVariantGroup section */
		CC54D5AE285F3844005A4942 /* Main.storyboard */ = {
			isa = PBXVariantGroup;
			children = (
				CC54D5AF285F3844005A4942 /* Base */,
				CCD63DE6288498CD0011FC12 /* en */,
				CCD63DE8288498D00011FC12 /* ru */,
			);
			name = Main.storyboard;
			sourceTree = "<group>";
		};
		CC54D5B3285F3846005A4942 /* LaunchScreen.storyboard */ = {
			isa = PBXVariantGroup;
			children = (
				CC54D5B4285F3846005A4942 /* Base */,
				CC8953F428821DF0004A1EDC /* ru */,
				CC8953F928821E0E004A1EDC /* en */,
			);
			name = LaunchScreen.storyboard;
			sourceTree = "<group>";
		};
		CC8953F228821D48004A1EDC /* Localizable.strings */ = {
			isa = PBXVariantGroup;
			children = (
				CC8953F528821DF0004A1EDC /* ru */,
				CC954CF1288360F0006AB565 /* en */,
			);
			name = Localizable.strings;
			sourceTree = "<group>";
		};
		CC900B282882DD5700A9FCEE /* InfoPlist.strings */ = {
			isa = PBXVariantGroup;
			children = (
				CC900B272882DD5700A9FCEE /* en */,
				CC900B292882DD5E00A9FCEE /* ru */,
			);
			name = InfoPlist.strings;
			sourceTree = "<group>";
		};
/* End PBXVariantGroup section */

/* Begin XCBuildConfiguration section */
		CC54D5B7285F3846005A4942 /* Debug */ = {
			isa = XCBuildConfiguration;
			buildSettings = {
				ALWAYS_SEARCH_USER_PATHS = NO;
				CLANG_ANALYZER_LOCALIZABILITY_NONLOCALIZED = YES;
				CLANG_ANALYZER_NONNULL = YES;
				CLANG_ANALYZER_NUMBER_OBJECT_CONVERSION = YES_AGGRESSIVE;
				CLANG_CXX_LANGUAGE_STANDARD = "gnu++17";
				CLANG_ENABLE_MODULES = YES;
				CLANG_ENABLE_OBJC_ARC = YES;
				CLANG_ENABLE_OBJC_WEAK = YES;
				CLANG_WARN_BLOCK_CAPTURE_AUTORELEASING = YES;
				CLANG_WARN_BOOL_CONVERSION = YES;
				CLANG_WARN_COMMA = YES;
				CLANG_WARN_CONSTANT_CONVERSION = YES;
				CLANG_WARN_DEPRECATED_OBJC_IMPLEMENTATIONS = YES;
				CLANG_WARN_DIRECT_OBJC_ISA_USAGE = YES_ERROR;
				CLANG_WARN_DOCUMENTATION_COMMENTS = YES;
				CLANG_WARN_EMPTY_BODY = YES;
				CLANG_WARN_ENUM_CONVERSION = YES;
				CLANG_WARN_INFINITE_RECURSION = YES;
				CLANG_WARN_INT_CONVERSION = YES;
				CLANG_WARN_NON_LITERAL_NULL_CONVERSION = YES;
				CLANG_WARN_OBJC_IMPLICIT_RETAIN_SELF = YES;
				CLANG_WARN_OBJC_LITERAL_CONVERSION = YES;
				CLANG_WARN_OBJC_ROOT_CLASS = YES_ERROR;
				CLANG_WARN_QUOTED_INCLUDE_IN_FRAMEWORK_HEADER = YES;
				CLANG_WARN_RANGE_LOOP_ANALYSIS = YES;
				CLANG_WARN_STRICT_PROTOTYPES = YES;
				CLANG_WARN_SUSPICIOUS_MOVE = YES;
				CLANG_WARN_UNGUARDED_AVAILABILITY = YES_AGGRESSIVE;
				CLANG_WARN_UNREACHABLE_CODE = YES;
				CLANG_WARN__DUPLICATE_METHOD_MATCH = YES;
				COPY_PHASE_STRIP = NO;
				DEBUG_INFORMATION_FORMAT = dwarf;
				ENABLE_STRICT_OBJC_MSGSEND = YES;
				ENABLE_TESTABILITY = YES;
				GCC_C_LANGUAGE_STANDARD = gnu11;
				GCC_DYNAMIC_NO_PIC = NO;
				GCC_NO_COMMON_BLOCKS = YES;
				GCC_OPTIMIZATION_LEVEL = 0;
				GCC_PREPROCESSOR_DEFINITIONS = (
					"DEBUG=1",
					"$(inherited)",
				);
				GCC_WARN_64_TO_32_BIT_CONVERSION = YES;
				GCC_WARN_ABOUT_RETURN_TYPE = YES_ERROR;
				GCC_WARN_UNDECLARED_SELECTOR = YES;
				GCC_WARN_UNINITIALIZED_AUTOS = YES_AGGRESSIVE;
				GCC_WARN_UNUSED_FUNCTION = YES;
				GCC_WARN_UNUSED_VARIABLE = YES;
				IPHONEOS_DEPLOYMENT_TARGET = 15.5;
				MTL_ENABLE_DEBUG_INFO = INCLUDE_SOURCE;
				MTL_FAST_MATH = YES;
				ONLY_ACTIVE_ARCH = YES;
				SDKROOT = iphoneos;
				SWIFT_ACTIVE_COMPILATION_CONDITIONS = DEBUG;
				SWIFT_OPTIMIZATION_LEVEL = "-Onone";
			};
			name = Debug;
		};
		CC54D5B8285F3846005A4942 /* Release */ = {
			isa = XCBuildConfiguration;
			buildSettings = {
				ALWAYS_SEARCH_USER_PATHS = NO;
				CLANG_ANALYZER_LOCALIZABILITY_NONLOCALIZED = YES;
				CLANG_ANALYZER_NONNULL = YES;
				CLANG_ANALYZER_NUMBER_OBJECT_CONVERSION = YES_AGGRESSIVE;
				CLANG_CXX_LANGUAGE_STANDARD = "gnu++17";
				CLANG_ENABLE_MODULES = YES;
				CLANG_ENABLE_OBJC_ARC = YES;
				CLANG_ENABLE_OBJC_WEAK = YES;
				CLANG_WARN_BLOCK_CAPTURE_AUTORELEASING = YES;
				CLANG_WARN_BOOL_CONVERSION = YES;
				CLANG_WARN_COMMA = YES;
				CLANG_WARN_CONSTANT_CONVERSION = YES;
				CLANG_WARN_DEPRECATED_OBJC_IMPLEMENTATIONS = YES;
				CLANG_WARN_DIRECT_OBJC_ISA_USAGE = YES_ERROR;
				CLANG_WARN_DOCUMENTATION_COMMENTS = YES;
				CLANG_WARN_EMPTY_BODY = YES;
				CLANG_WARN_ENUM_CONVERSION = YES;
				CLANG_WARN_INFINITE_RECURSION = YES;
				CLANG_WARN_INT_CONVERSION = YES;
				CLANG_WARN_NON_LITERAL_NULL_CONVERSION = YES;
				CLANG_WARN_OBJC_IMPLICIT_RETAIN_SELF = YES;
				CLANG_WARN_OBJC_LITERAL_CONVERSION = YES;
				CLANG_WARN_OBJC_ROOT_CLASS = YES_ERROR;
				CLANG_WARN_QUOTED_INCLUDE_IN_FRAMEWORK_HEADER = YES;
				CLANG_WARN_RANGE_LOOP_ANALYSIS = YES;
				CLANG_WARN_STRICT_PROTOTYPES = YES;
				CLANG_WARN_SUSPICIOUS_MOVE = YES;
				CLANG_WARN_UNGUARDED_AVAILABILITY = YES_AGGRESSIVE;
				CLANG_WARN_UNREACHABLE_CODE = YES;
				CLANG_WARN__DUPLICATE_METHOD_MATCH = YES;
				COPY_PHASE_STRIP = NO;
				DEBUG_INFORMATION_FORMAT = "dwarf-with-dsym";
				ENABLE_NS_ASSERTIONS = NO;
				ENABLE_STRICT_OBJC_MSGSEND = YES;
				GCC_C_LANGUAGE_STANDARD = gnu11;
				GCC_NO_COMMON_BLOCKS = YES;
				GCC_WARN_64_TO_32_BIT_CONVERSION = YES;
				GCC_WARN_ABOUT_RETURN_TYPE = YES_ERROR;
				GCC_WARN_UNDECLARED_SELECTOR = YES;
				GCC_WARN_UNINITIALIZED_AUTOS = YES_AGGRESSIVE;
				GCC_WARN_UNUSED_FUNCTION = YES;
				GCC_WARN_UNUSED_VARIABLE = YES;
				IPHONEOS_DEPLOYMENT_TARGET = 15.5;
				MTL_ENABLE_DEBUG_INFO = NO;
				MTL_FAST_MATH = YES;
				SDKROOT = iphoneos;
				SWIFT_COMPILATION_MODE = wholemodule;
				SWIFT_OPTIMIZATION_LEVEL = "-O";
				VALIDATE_PRODUCT = YES;
			};
			name = Release;
		};
		CC54D5BA285F3846005A4942 /* Debug */ = {
			isa = XCBuildConfiguration;
			baseConfigurationReference = 574E34DB2A4E3A9B2AD5046F /* Pods-home_work_23.debug.xcconfig */;
			buildSettings = {
				ASSETCATALOG_COMPILER_APPICON_NAME = AppIcon;
				ASSETCATALOG_COMPILER_GLOBAL_ACCENT_COLOR_NAME = AccentColor;
				CODE_SIGN_IDENTITY = "Apple Development";
				CODE_SIGN_STYLE = Automatic;
				CURRENT_PROJECT_VERSION = 1;
				DEVELOPMENT_TEAM = G6WVNFWBQ8;
				GENERATE_INFOPLIST_FILE = YES;
				INFOPLIST_FILE = home_work_23/Info.plist;
				INFOPLIST_KEY_NSLocationWhenInUseUsageDescription = "App asks for permission to access geolocation";
				INFOPLIST_KEY_UIApplicationSupportsIndirectInputEvents = YES;
				INFOPLIST_KEY_UILaunchStoryboardName = LaunchScreen;
				INFOPLIST_KEY_UIMainStoryboardFile = Main;
				INFOPLIST_KEY_UISupportedInterfaceOrientations_iPad = "UIInterfaceOrientationPortrait UIInterfaceOrientationPortraitUpsideDown UIInterfaceOrientationLandscapeLeft UIInterfaceOrientationLandscapeRight";
				INFOPLIST_KEY_UISupportedInterfaceOrientations_iPhone = "UIInterfaceOrientationPortrait UIInterfaceOrientationLandscapeLeft UIInterfaceOrientationLandscapeRight";
				LD_RUNPATH_SEARCH_PATHS = (
					"$(inherited)",
					"@executable_path/Frameworks",
				);
				MARKETING_VERSION = 1.0;
				PRODUCT_BUNDLE_IDENTIFIER = "com.TMSi32.home-work-23.myApp";
				PRODUCT_NAME = "$(TARGET_NAME)";
				PROVISIONING_PROFILE_SPECIFIER = "";
				SWIFT_EMIT_LOC_STRINGS = YES;
				SWIFT_VERSION = 5.0;
				TARGETED_DEVICE_FAMILY = "1,2";
			};
			name = Debug;
		};
		CC54D5BB285F3846005A4942 /* Release */ = {
			isa = XCBuildConfiguration;
			baseConfigurationReference = 0C1E5AF562D00323C02D0AF6 /* Pods-home_work_23.release.xcconfig */;
			buildSettings = {
				ASSETCATALOG_COMPILER_APPICON_NAME = AppIcon;
				ASSETCATALOG_COMPILER_GLOBAL_ACCENT_COLOR_NAME = AccentColor;
				CODE_SIGN_IDENTITY = "Apple Development";
				CODE_SIGN_STYLE = Automatic;
				CURRENT_PROJECT_VERSION = 1;
				DEVELOPMENT_TEAM = G6WVNFWBQ8;
				GENERATE_INFOPLIST_FILE = YES;
				INFOPLIST_FILE = home_work_23/Info.plist;
				INFOPLIST_KEY_NSLocationWhenInUseUsageDescription = "App asks for permission to access geolocation";
				INFOPLIST_KEY_UIApplicationSupportsIndirectInputEvents = YES;
				INFOPLIST_KEY_UILaunchStoryboardName = LaunchScreen;
				INFOPLIST_KEY_UIMainStoryboardFile = Main;
				INFOPLIST_KEY_UISupportedInterfaceOrientations_iPad = "UIInterfaceOrientationPortrait UIInterfaceOrientationPortraitUpsideDown UIInterfaceOrientationLandscapeLeft UIInterfaceOrientationLandscapeRight";
				INFOPLIST_KEY_UISupportedInterfaceOrientations_iPhone = "UIInterfaceOrientationPortrait UIInterfaceOrientationLandscapeLeft UIInterfaceOrientationLandscapeRight";
				LD_RUNPATH_SEARCH_PATHS = (
					"$(inherited)",
					"@executable_path/Frameworks",
				);
				MARKETING_VERSION = 1.0;
				PRODUCT_BUNDLE_IDENTIFIER = "com.TMSi32.home-work-23.myApp";
				PRODUCT_NAME = "$(TARGET_NAME)";
				PROVISIONING_PROFILE_SPECIFIER = "";
				SWIFT_EMIT_LOC_STRINGS = YES;
				SWIFT_VERSION = 5.0;
				TARGETED_DEVICE_FAMILY = "1,2";
			};
			name = Release;
		};
/* End XCBuildConfiguration section */

/* Begin XCConfigurationList section */
		CC54D5A0285F3844005A4942 /* Build configuration list for PBXProject "home_work_23" */ = {
			isa = XCConfigurationList;
			buildConfigurations = (
				CC54D5B7285F3846005A4942 /* Debug */,
				CC54D5B8285F3846005A4942 /* Release */,
			);
			defaultConfigurationIsVisible = 0;
			defaultConfigurationName = Release;
		};
		CC54D5B9285F3846005A4942 /* Build configuration list for PBXNativeTarget "home_work_23" */ = {
			isa = XCConfigurationList;
			buildConfigurations = (
				CC54D5BA285F3846005A4942 /* Debug */,
				CC54D5BB285F3846005A4942 /* Release */,
			);
			defaultConfigurationIsVisible = 0;
			defaultConfigurationName = Release;
		};
/* End XCConfigurationList section */

/* Begin XCRemoteSwiftPackageReference section */
		CC30485128638340004DF315 /* XCRemoteSwiftPackageReference "Alamofire" */ = {
			isa = XCRemoteSwiftPackageReference;
			repositoryURL = "https://github.com/Alamofire/Alamofire.git";
			requirement = {
				kind = upToNextMajorVersion;
				minimumVersion = 5.0.0;
			};
		};
		CCC3107C286C49C200A3B49C /* XCRemoteSwiftPackageReference "realm-swift" */ = {
			isa = XCRemoteSwiftPackageReference;
			repositoryURL = "https://github.com/realm/realm-swift.git";
			requirement = {
				kind = upToNextMajorVersion;
				minimumVersion = 10.19.0;
			};
		};
/* End XCRemoteSwiftPackageReference section */

/* Begin XCSwiftPackageProductDependency section */
		CC30485228638340004DF315 /* Alamofire */ = {
			isa = XCSwiftPackageProductDependency;
			package = CC30485128638340004DF315 /* XCRemoteSwiftPackageReference "Alamofire" */;
			productName = Alamofire;
		};
		CCC3107D286C49C200A3B49C /* Realm */ = {
			isa = XCSwiftPackageProductDependency;
			package = CCC3107C286C49C200A3B49C /* XCRemoteSwiftPackageReference "realm-swift" */;
			productName = Realm;
		};
		CCC3107F286C49C200A3B49C /* RealmSwift */ = {
			isa = XCSwiftPackageProductDependency;
			package = CCC3107C286C49C200A3B49C /* XCRemoteSwiftPackageReference "realm-swift" */;
			productName = RealmSwift;
		};
/* End XCSwiftPackageProductDependency section */
	};
	rootObject = CC54D59D285F3844005A4942 /* Project object */;
}
